
Microsoft Visual Studio Solution File, Format Version 12.00
# Visual Studio Version 17
VisualStudioVersion = 17.11.35219.272
MinimumVisualStudioVersion = 10.0.40219.1
Project("{FAE04EC0-301F-11D3-BF4B-00C04F79EFBC}") = "HtmlCssAspControls", "HtmlCssAspControls\HtmlCssAspControls.csproj", "{0459C767-6952-4A85-81C9-8A39E859D0BD}"
EndProject
Global
	GlobalSection(SolutionConfigurationPlatforms) = preSolution
		Debug|Any CPU = Debug|Any CPU
		Release|Any CPU = Release|Any CPU
	EndGlobalSection
	GlobalSection(ProjectConfigurationPlatforms) = postSolution
		{0459C767-6952-4A85-81C9-8A39E859D0BD}.Debug|Any CPU.ActiveCfg = Debug|Any CPU
		{0459C767-6952-4A85-81C9-8A39E859D0BD}.Debug|Any CPU.Build.0 = Debug|Any CPU
		{0459C767-6952-4A85-81C9-8A39E859D0BD}.Release|Any CPU.ActiveCfg = Release|Any CPU
		{0459C767-6952-4A85-81C9-8A39E859D0BD}.Release|Any CPU.Build.0 = Release|Any CPU
	EndGlobalSection
	GlobalSection(SolutionProperties) = preSolution
		HideSolutionNode = FALSE
	EndGlobalSection
	GlobalSection(ExtensibilityGlobals) = postSolution
		SolutionGuid = {23128FE5-BE61-4363-9F27-8ADA98FA1430}
	EndGlobalSection
EndGlobal
